// !$*UTF8*$!
{
	archiveVersion = 1;
	classes = {
	};
	objectVersion = 46;
	objects = {

/* Begin PBXBuildFile section */
		DB2A94E41D9A4A88002B9083 /* PDFData.swift in Sources */ = {isa = PBXBuildFile; fileRef = DB2A94E31D9A4A88002B9083 /* PDFData.swift */; };
		DBC315551D9A05580036CE5A /* AppDelegate.swift in Sources */ = {isa = PBXBuildFile; fileRef = DBC315541D9A05580036CE5A /* AppDelegate.swift */; };
		DBC315571D9A05580036CE5A /* Assets.xcassets in Resources */ = {isa = PBXBuildFile; fileRef = DBC315561D9A05580036CE5A /* Assets.xcassets */; };
		DBC3155A1D9A05580036CE5A /* MainMenu.xib in Resources */ = {isa = PBXBuildFile; fileRef = DBC315581D9A05580036CE5A /* MainMenu.xib */; };
		DBC315621D9A05700036CE5A /* Quartz.framework in Frameworks */ = {isa = PBXBuildFile; fileRef = DBC315611D9A05700036CE5A /* Quartz.framework */; };
/* End PBXBuildFile section */

/* Begin PBXFileReference section */
		DB2A94E31D9A4A88002B9083 /* PDFData.swift */ = {isa = PBXFileReference; fileEncoding = 4; lastKnownFileType = sourcecode.swift; path = PDFData.swift; sourceTree = "<group>"; };
		DBC315511D9A05580036CE5A /* MyPDFViewer.app */ = {isa = PBXFileReference; explicitFileType = wrapper.application; includeInIndex = 0; path = MyPDFViewer.app; sourceTree = BUILT_PRODUCTS_DIR; };
		DBC315541D9A05580036CE5A /* AppDelegate.swift */ = {isa = PBXFileReference; lastKnownFileType = sourcecode.swift; path = AppDelegate.swift; sourceTree = "<group>"; };
		DBC315561D9A05580036CE5A /* Assets.xcassets */ = {isa = PBXFileReference; lastKnownFileType = folder.assetcatalog; path = Assets.xcassets; sourceTree = "<group>"; };
		DBC315591D9A05580036CE5A /* Base */ = {isa = PBXFileReference; lastKnownFileType = file.xib; name = Base; path = Base.lproj/MainMenu.xib; sourceTree = "<group>"; };
		DBC3155B1D9A05580036CE5A /* Info.plist */ = {isa = PBXFileReference; lastKnownFileType = text.plist.xml; path = Info.plist; sourceTree = "<group>"; };
		DBC315611D9A05700036CE5A /* Quartz.framework */ = {isa = PBXFileReference; lastKnownFileType = wrapper.framework; name = Quartz.framework; path = System/Library/Frameworks/Quartz.framework; sourceTree = SDKROOT; };
/* End PBXFileReference section */

/* Begin PBXFrameworksBuildPhase section */
		DBC3154E1D9A05580036CE5A /* Frameworks */ = {
			isa = PBXFrameworksBuildPhase;
			buildActionMask = 2147483647;
			files = (
				DBC315621D9A05700036CE5A /* Quartz.framework in Frameworks */,
			);
			runOnlyForDeploymentPostprocessing = 0;
		};
/* End PBXFrameworksBuildPhase section */

/* Begin PBXGroup section */
		DBC315481D9A05580036CE5A = {
			isa = PBXGroup;
			children = (
				DBC315611D9A05700036CE5A /* Quartz.framework */,
				DBC315531D9A05580036CE5A /* MyPDFViewer */,
				DBC315521D9A05580036CE5A /* Products */,
			);
			sourceTree = "<group>";
		};
		DBC315521D9A05580036CE5A /* Products */ = {
			isa = PBXGroup;
			children = (
				DBC315511D9A05580036CE5A /* MyPDFViewer.app */,
			);
			name = Products;
			sourceTree = "<group>";
		};
		DBC315531D9A05580036CE5A /* MyPDFViewer */ = {
			isa = PBXGroup;
			children = (
				DBC315541D9A05580036CE5A /* AppDelegate.swift */,
				DB2A94E31D9A4A88002B9083 /* PDFData.swift */,
				DBC315561D9A05580036CE5A /* Assets.xcassets */,
				DBC315581D9A05580036CE5A /* MainMenu.xib */,
				DBC3155B1D9A05580036CE5A /* Info.plist */,
			);
			path = MyPDFViewer;
			sourceTree = "<group>";
		};
/* End PBXGroup section */

/* Begin PBXNativeTarget section */
		DBC315501D9A05580036CE5A /* MyPDFViewer */ = {
			isa = PBXNativeTarget;
			buildConfigurationList = DBC3155E1D9A05580036CE5A /* Build configuration list for PBXNativeTarget "MyPDFViewer" */;
			buildPhases = (
				DBC3154D1D9A05580036CE5A /* Sources */,
				DBC3154E1D9A05580036CE5A /* Frameworks */,
				DBC3154F1D9A05580036CE5A /* Resources */,
			);
			buildRules = (
			);
			dependencies = (
			);
			name = MyPDFViewer;
			productName = MyPDFViewer;
			productReference = DBC315511D9A05580036CE5A /* MyPDFViewer.app */;
			productType = "com.apple.product-type.application";
		};
/* End PBXNativeTarget section */

/* Begin PBXProject section */
		DBC315491D9A05580036CE5A /* Project object */ = {
			isa = PBXProject;
			attributes = {
				LastSwiftUpdateCheck = 0730;
				LastUpgradeCheck = 0730;
				ORGANIZATIONNAME = Otago;
				TargetAttributes = {
					DBC315501D9A05580036CE5A = {
						CreatedOnToolsVersion = 7.3.1;
					};
				};
			};
			buildConfigurationList = DBC3154C1D9A05580036CE5A /* Build configuration list for PBXProject "MyPDFViewer" */;
			compatibilityVersion = "Xcode 3.2";
			developmentRegion = English;
			hasScannedForEncodings = 0;
			knownRegions = (
				en,
				Base,
			);
			mainGroup = DBC315481D9A05580036CE5A;
			productRefGroup = DBC315521D9A05580036CE5A /* Products */;
			projectDirPath = "";
			projectRoot = "";
			targets = (
				DBC315501D9A05580036CE5A /* MyPDFViewer */,
			);
		};
/* End PBXProject section */

/* Begin PBXResourcesBuildPhase section */
		DBC3154F1D9A05580036CE5A /* Resources */ = {
			isa = PBXResourcesBuildPhase;
			buildActionMask = 2147483647;
			files = (
				DBC315571D9A05580036CE5A /* Assets.xcassets in Resources */,
				DBC3155A1D9A05580036CE5A /* MainMenu.xib in Resources */,
			);
			runOnlyForDeploymentPostprocessing = 0;
		};
/* End PBXResourcesBuildPhase section */

/* Begin PBXSourcesBuildPhase section */
		DBC3154D1D9A05580036CE5A /* Sources */ = {
			isa = PBXSourcesBuildPhase;
			buildActionMask = 2147483647;
			files = (
				DB2A94E41D9A4A88002B9083 /* PDFData.swift in Sources */,
				DBC315551D9A05580036CE5A /* AppDelegate.swift in Sources */,
			);
			runOnlyForDeploymentPostprocessing = 0;
		};
/* End PBXSourcesBuildPhase section */

/* Begin PBXVariantGroup section */
		DBC315581D9A05580036CE5A /* MainMenu.xib */ = {
			isa = PBXVariantGroup;
			children = (
				DBC315591D9A05580036CE5A /* Base */,
			);
			name = MainMenu.xib;
			sourceTree = "<group>";
		};
/* End PBXVariantGroup section */

/* Begin XCBuildConfiguration section */
		DBC3155C1D9A05580036CE5A /* Debug */ = {
			isa = XCBuildConfiguration;
			buildSettings = {
				ALWAYS_SEARCH_USER_PATHS = NO;
				CLANG_ANALYZER_NONNULL = YES;
				CLANG_CXX_LANGUAGE_STANDARD = "gnu++0x";
				CLANG_CXX_LIBRARY = "libc++";
				CLANG_ENABLE_MODULES = YES;
				CLANG_ENABLE_OBJC_ARC = YES;
				CLANG_WARN_BOOL_CONVERSION = YES;
				CLANG_WARN_CONSTANT_CONVERSION = YES;
				CLANG_WARN_DIRECT_OBJC_ISA_USAGE = YES_ERROR;
				CLANG_WARN_EMPTY_BODY = YES;
				CLANG_WARN_ENUM_CONVERSION = YES;
				CLANG_WARN_INT_CONVERSION = YES;
				CLANG_WARN_OBJC_ROOT_CLASS = YES_ERROR;
				CLANG_WARN_UNREACHABLE_CODE = YES;
				CLANG_WARN__DUPLICATE_METHOD_MATCH = YES;
				CODE_SIGN_IDENTITY = "-";
				COPY_PHASE_STRIP = NO;
				DEBUG_INFORMATION_FORMAT = dwarf;
				ENABLE_STRICT_OBJC_MSGSEND = YES;
				ENABLE_TESTABILITY = YES;
				GCC_C_LANGUAGE_STANDARD = gnu99;
				GCC_DYNAMIC_NO_PIC = NO;
				GCC_NO_COMMON_BLOCKS = YES;
				GCC_OPTIMIZATION_LEVEL = 0;
				GCC_PREPROCESSOR_DEFINITIONS = (
					"DEBUG=1",
					"$(inherited)",
				);
				GCC_WARN_64_TO_32_BIT_CONVERSION = YES;
				GCC_WARN_ABOUT_RETURN_TYPE = YES_ERROR;
				GCC_WARN_UNDECLARED_SELECTOR = YES;
				GCC_WARN_UNINITIALIZED_AUTOS = YES_AGGRESSIVE;
				GCC_WARN_UNUSED_FUNCTION = YES;
				GCC_WARN_UNUSED_VARIABLE = YES;
				MACOSX_DEPLOYMENT_TARGET = 10.11;
				MTL_ENABLE_DEBUG_INFO = YES;
				ONLY_ACTIVE_ARCH = YES;
				SDKROOT = macosx;
				SWIFT_OPTIMIZATION_LEVEL = "-Onone";
			};
			name = Debug;
		};
		DBC3155D1D9A05580036CE5A /* Release */ = {
			isa = XCBuildConfiguration;
			buildSettings = {
				ALWAYS_SEARCH_USER_PATHS = NO;
				CLANG_ANALYZER_NONNULL = YES;
				CLANG_CXX_LANGUAGE_STANDARD = "gnu++0x";
				CLANG_CXX_LIBRARY = "libc++";
				CLANG_ENABLE_MODULES = YES;
				CLANG_ENABLE_OBJC_ARC = YES;
				CLANG_WARN_BOOL_CONVERSION = YES;
				CLANG_WARN_CONSTANT_CONVERSION = YES;
				CLANG_WARN_DIRECT_OBJC_ISA_USAGE = YES_ERROR;
				CLANG_WARN_EMPTY_BODY = YES;
				CLANG_WARN_ENUM_CONVERSION = YES;
				CLANG_WARN_INT_CONVERSION = YES;
				CLANG_WARN_OBJC_ROOT_CLASS = YES_ERROR;
				CLANG_WARN_UNREACHABLE_CODE = YES;
				CLANG_WARN__DUPLICATE_METHOD_MATCH = YES;
				CODE_SIGN_IDENTITY = "-";
				COPY_PHASE_STRIP = NO;
				DEBUG_INFORMATION_FORMAT = "dwarf-with-dsym";
				ENABLE_NS_ASSERTIONS = NO;
				ENABLE_STRICT_OBJC_MSGSEND = YES;
				GCC_C_LANGUAGE_STANDARD = gnu99;
				GCC_NO_COMMON_BLOCKS = YES;
				GCC_WARN_64_TO_32_BIT_CONVERSION = YES;
				GCC_WARN_ABOUT_RETURN_TYPE = YES_ERROR;
				GCC_WARN_UNDECLARED_SELECTOR = YES;
				GCC_WARN_UNINITIALIZED_AUTOS = YES_AGGRESSIVE;
				GCC_WARN_UNUSED_FUNCTION = YES;
				GCC_WARN_UNUSED_VARIABLE = YES;
				MACOSX_DEPLOYMENT_TARGET = 10.11;
				MTL_ENABLE_DEBUG_INFO = NO;
				SDKROOT = macosx;
			};
			name = Release;
		};
		DBC3155F1D9A05580036CE5A /* Debug */ = {
			isa = XCBuildConfiguration;
			buildSettings = {
				ASSETCATALOG_COMPILER_APPICON_NAME = AppIcon;
				COMBINE_HIDPI_IMAGES = YES;
				INFOPLIST_FILE = MyPDFViewer/Info.plist;
				LD_RUNPATH_SEARCH_PATHS = "$(inherited) @executable_path/../Frameworks";
				PRODUCT_BUNDLE_IDENTIFIER = com.zwpdbh.MyPDFViewer;
				PRODUCT_NAME = "$(TARGET_NAME)";
			};
			name = Debug;
		};
		DBC315601D9A05580036CE5A /* Release */ = {
			isa = XCBuildConfiguration;
			buildSettings = {
				ASSETCATALOG_COMPILER_APPICON_NAME = AppIcon;
				COMBINE_HIDPI_IMAGES = YES;
				INFOPLIST_FILE = MyPDFViewer/Info.plist;
				LD_RUNPATH_SEARCH_PATHS = "$(inherited) @executable_path/../Frameworks";
				PRODUCT_BUNDLE_IDENTIFIER = com.zwpdbh.MyPDFViewer;
				PRODUCT_NAME = "$(TARGET_NAME)";
			};
			name = Release;
		};
/* End XCBuildConfiguration section */

/* Begin XCConfigurationList section */
		DBC3154C1D9A05580036CE5A /* Build configuration list for PBXProject "MyPDFViewer" */ = {
			isa = XCConfigurationList;
			buildConfigurations = (
				DBC3155C1D9A05580036CE5A /* Debug */,
				DBC3155D1D9A05580036CE5A /* Release */,
			);
			defaultConfigurationIsVisible = 0;
			defaultConfigurationName = Release;
		};
		DBC3155E1D9A05580036CE5A /* Build configuration list for PBXNativeTarget "MyPDFViewer" */ = {
			isa = XCConfigurationList;
			buildConfigurations = (
				DBC3155F1D9A05580036CE5A /* Debug */,
				DBC315601D9A05580036CE5A /* Release */,
			);
			defaultConfigurationIsVisible = 0;
			defaultConfigurationName = Release;
		};
/* End XCConfigurationList section */
	};
	rootObject = DBC315491D9A05580036CE5A /* Project object */;
}
